dependencies:
- name: cilium
  repository: https://helm.cilium.io/
  version: 1.13.0
- name: cert-manager
  repository: https://charts.jetstack.io
  version: v1.11.0
- name: metallb
  repository: https://metallb.github.io/metallb
  version: 0.13.9
- name: opentelemetry-collector
  repository: https://open-telemetry.github.io/opentelemetry-helm-charts
  version: 0.49.3
digest: sha256:2aaaa0a78fe3e8446ea4e3fea794c461df44cb52dfa6c40d729c6ef1356798c1
generated: "2023-03-13T19:32:02.798464+01:00"
