dependencies:
- name: cilium
  repository: https://helm.cilium.io/
  version: 1.13.0
- name: cert-manager
  repository: https://charts.jetstack.io
  version: v1.11.0
- name: base
  repository: https://istio-release.storage.googleapis.com/charts
  version: 1.16.1
- name: istiod
  repository: https://istio-release.storage.googleapis.com/charts
  version: 1.16.1
digest: sha256:75c1bc621e7c13a2fa7f2c2a0d240d3d9e06d3bc7091bb859d691ec9c5926511
generated: "2023-03-09T14:08:38.761325+01:00"
