dependencies:
- name: loki-stack
  repository: https://grafana.github.io/helm-charts
  version: 2.9.9
- name: fluent-bit
  repository: https://fluent.github.io/helm-charts
  version: 0.24.0
- name: kube-prometheus-stack
  repository: https://prometheus-community.github.io/helm-charts
  version: 45.3.0
- name: ingress-nginx
  repository: https://kubernetes.github.io/ingress-nginx
  version: 4.5.2
- name: metrics-server
  repository: https://kubernetes-sigs.github.io/metrics-server/
  version: 3.8.4
- name: opentelemetry-operator
  repository: https://open-telemetry.github.io/opentelemetry-helm-charts
  version: 0.24.1
digest: sha256:8f6c7b4ecbf3678367c1d9d3767663bc0fd73cc108475d60d2a988954cd6bca2
generated: "2023-03-13T09:36:15.24008+01:00"
