dependencies:
- name: loki-stack
  repository: https://grafana.github.io/helm-charts
  version: 2.9.9
- name: fluent-bit
  repository: https://fluent.github.io/helm-charts
  version: 0.24.0
- name: kube-prometheus-stack
  repository: https://prometheus-community.github.io/helm-charts
  version: 45.3.0
- name: ingress-nginx
  repository: https://kubernetes.github.io/ingress-nginx
  version: 4.5.2
- name: metrics-server
  repository: https://kubernetes-sigs.github.io/metrics-server/
  version: 3.8.4
- name: opentelemetry-collector
  repository: https://open-telemetry.github.io/opentelemetry-helm-charts
  version: 0.49.3
- name: jaeger-operator
  repository: https://jaegertracing.github.io/helm-charts
  version: 2.41.0
digest: sha256:0023ccd69aa6fd0e8b085a7c1ca7d109f28e05f9f559645d5dd5ae985d465493
generated: "2023-03-14T13:47:04.656739+01:00"
